
Microsoft Visual Studio Solution File, Format Version 12.00
# Visual Studio Version 17
VisualStudioVersion = 17.9.34902.65
MinimumVisualStudioVersion = 10.0.40219.1
Project("{9A19103F-16F7-4668-BE54-9A1E7A4F7556}") = "NEALibrary", "NEALibrary\NEALibrary.csproj", "{0F97BB24-3C46-4C41-9341-22437C55DB6A}"
EndProject
Project("{2150E333-8FDC-42A3-9474-1A3956D46DE8}") = "Solution Items", "Solution Items", "{E81F5308-F6DA-4EE9-BDCF-68BC8F41F95B}"
EndProject
Global
	GlobalSection(SolutionConfigurationPlatforms) = preSolution
		Debug|Any CPU = Debug|Any CPU
		Release|Any CPU = Release|Any CPU
	EndGlobalSection
	GlobalSection(ProjectConfigurationPlatforms) = postSolution
		{0F97BB24-3C46-4C41-9341-22437C55DB6A}.Debug|Any CPU.ActiveCfg = Debug|Any CPU
		{0F97BB24-3C46-4C41-9341-22437C55DB6A}.Debug|Any CPU.Build.0 = Debug|Any CPU
		{0F97BB24-3C46-4C41-9341-22437C55DB6A}.Release|Any CPU.ActiveCfg = Release|Any CPU
		{0F97BB24-3C46-4C41-9341-22437C55DB6A}.Release|Any CPU.Build.0 = Release|Any CPU
	EndGlobalSection
	GlobalSection(SolutionProperties) = preSolution
		HideSolutionNode = FALSE
	EndGlobalSection
	GlobalSection(ExtensibilityGlobals) = postSolution
		SolutionGuid = {12974AA0-1126-42E8-9270-ADB0AA99C2B7}
	EndGlobalSection
EndGlobal
